
Microsoft Visual Studio Solution File, Format Version 12.00
# Visual Studio Version 17
VisualStudioVersion = 17.14.36301.6
MinimumVisualStudioVersion = 10.0.40219.1
Project("{2150E333-8FDC-42A3-9474-1A3956D46DE8}") = "Client", "Client", "{02EA681E-C7D8-13C7-8484-4AC65E1B71E8}"
EndProject
Project("{2150E333-8FDC-42A3-9474-1A3956D46DE8}") = "Core", "Core", "{84D4EA53-AB74-487D-85F2-4F01E65042FC}"
EndProject
Project("{2150E333-8FDC-42A3-9474-1A3956D46DE8}") = "Infrastructure", "Infrastructure", "{711D0E18-AE5B-407C-8167-2DCED8ABF40D}"
EndProject
Project("{2150E333-8FDC-42A3-9474-1A3956D46DE8}") = "Presentation", "Presentation", "{E3FC59F1-D8F6-4560-97C4-EB2C989A678F}"
EndProject
Project("{2150E333-8FDC-42A3-9474-1A3956D46DE8}") = "Server", "Server", "{7A307663-8FF7-4626-B427-B307FA0DC3F4}"
EndProject
Project("{2150E333-8FDC-42A3-9474-1A3956D46DE8}") = "APIGateways", "APIGateways", "{91B8F390-B0CB-4518-94AD-A380267AE4DE}"
EndProject
Project("{2150E333-8FDC-42A3-9474-1A3956D46DE8}") = "Microservices", "Microservices", "{BC5002D3-B2DA-42C1-9B2E-01B601D86F1F}"
EndProject
Project("{2150E333-8FDC-42A3-9474-1A3956D46DE8}") = "Handbook", "Handbook", "{389F3A0B-A3C2-472D-B15F-E5DC715E8D15}"
EndProject
Project("{2150E333-8FDC-42A3-9474-1A3956D46DE8}") = "Warehouse", "Warehouse", "{96328875-7A6F-451C-9F7D-DD1D79765D15}"
EndProject
Project("{2150E333-8FDC-42A3-9474-1A3956D46DE8}") = "Presentation", "Presentation", "{99319242-9380-4A33-A060-E0870E666EEA}"
EndProject
Project("{2150E333-8FDC-42A3-9474-1A3956D46DE8}") = "Infrastructure", "Infrastructure", "{6912BABE-0256-4565-B614-3D0D3E3C7447}"
EndProject
Project("{2150E333-8FDC-42A3-9474-1A3956D46DE8}") = "Core", "Core", "{3690C8EB-9ECC-4CA2-B95A-86D7E318B2EF}"
EndProject
Project("{2150E333-8FDC-42A3-9474-1A3956D46DE8}") = "Presentation", "Presentation", "{5F79F225-AA6C-4DF8-8A5C-BC04173B6466}"
EndProject
Project("{2150E333-8FDC-42A3-9474-1A3956D46DE8}") = "Infrastructure", "Infrastructure", "{C2725184-86A9-44D6-B500-252C6E191345}"
EndProject
Project("{2150E333-8FDC-42A3-9474-1A3956D46DE8}") = "Core", "Core", "{3703D512-DB0F-4921-90DD-6EE91684583B}"
EndProject
Project("{FAE04EC0-301F-11D3-BF4B-00C04F79EFBC}") = "WarehouseManagement.WebApplication", "Client\Presentation\WarehouseManagement.WebApplication\WarehouseManagement.WebApplication.csproj", "{B44B29A3-F214-463B-BC51-E08C5A4F5EB0}"
EndProject
Project("{FAE04EC0-301F-11D3-BF4B-00C04F79EFBC}") = "WarehouseManagement.Persistence", "Client\Infrastructure\WarehouseManagement.Persistence\WarehouseManagement.Persistence.csproj", "{BA8CCFA1-2438-4357-8A20-F64199F4B0DE}"
EndProject
Project("{FAE04EC0-301F-11D3-BF4B-00C04F79EFBC}") = "WarehouseManagement.Infrastructure", "Client\Infrastructure\WarehouseManagement.Infrastructure\WarehouseManagement.Infrastructure.csproj", "{DD113F3D-C2BF-44FC-80FA-7D13B677A13F}"
EndProject
Project("{FAE04EC0-301F-11D3-BF4B-00C04F79EFBC}") = "WarehouseManagement.Application", "Client\Core\WarehouseManagement.Application\WarehouseManagement.Application.csproj", "{1F094B04-E682-4DB7-80DC-3FD2E1BAC76D}"
EndProject
Project("{FAE04EC0-301F-11D3-BF4B-00C04F79EFBC}") = "WarehouseManagement.Domain", "Client\Core\WarehouseManagement.Domain\WarehouseManagement.Domain.csproj", "{DE895AB1-36B2-49A4-BC78-A4A6D775752A}"
EndProject
Project("{FAE04EC0-301F-11D3-BF4B-00C04F79EFBC}") = "Handbook.Application", "Server\Microservices\Handbook\Core\Handbook.Application\Handbook.Application.csproj", "{B62E84D1-FE73-371A-D752-02DFDA247C64}"
EndProject
Project("{FAE04EC0-301F-11D3-BF4B-00C04F79EFBC}") = "Handbook.Domain", "Server\Microservices\Handbook\Core\Handbook.Domain\Handbook.Domain.csproj", "{9DE94E81-6F84-FAD9-792C-FAA104DC9CD5}"
EndProject
Project("{FAE04EC0-301F-11D3-BF4B-00C04F79EFBC}") = "Handbook.Infrastructure", "Server\Microservices\Handbook\Infrastructure\Handbook.Infrastructure\Handbook.Infrastructure.csproj", "{D513B18A-F568-8899-FB25-237D2746A544}"
EndProject
Project("{FAE04EC0-301F-11D3-BF4B-00C04F79EFBC}") = "Handbook.Persistence", "Server\Microservices\Handbook\Infrastructure\Handbook.Persistence\Handbook.Persistence.csproj", "{DA319C9D-8CD3-C030-15EA-E6FBB21DA2AE}"
EndProject
Project("{FAE04EC0-301F-11D3-BF4B-00C04F79EFBC}") = "Handbook.WebAPI", "Server\Microservices\Handbook\Presentation\Handbook.WebAPI\Handbook.WebAPI.csproj", "{5B39ACD1-33BB-735A-0F51-3FEEDDBC36E9}"
EndProject
Project("{FAE04EC0-301F-11D3-BF4B-00C04F79EFBC}") = "Yarp.WebApplication", "Server\APIGateways\Yarp.WebApplication\Yarp.WebApplication.csproj", "{62EA23B3-CF32-F6AF-C47F-AE6BE641FCC0}"
EndProject
Project("{FAE04EC0-301F-11D3-BF4B-00C04F79EFBC}") = "Warehouse.Domain", "Server\Microservices\Warehouse\Core\Warehouse.Domain\Warehouse.Domain.csproj", "{A35EB883-0717-85BF-6941-29DC27A942D8}"
EndProject
Project("{FAE04EC0-301F-11D3-BF4B-00C04F79EFBC}") = "Warehouse.Application", "Server\Microservices\Warehouse\Core\Warehouse.Application\Warehouse.Application.csproj", "{F563AA3B-4AFA-7C22-03AD-872591AA644F}"
EndProject
Project("{FAE04EC0-301F-11D3-BF4B-00C04F79EFBC}") = "Warehouse.Persistence", "Server\Microservices\Warehouse\Infrastructure\Warehouse.Persistence\Warehouse.Persistence.csproj", "{AD906F81-7CD1-24D6-3416-9E7AAF53106E}"
EndProject
Project("{FAE04EC0-301F-11D3-BF4B-00C04F79EFBC}") = "Warehouse.Infrastructure", "Server\Microservices\Warehouse\Infrastructure\Warehouse.Infrastructure\Warehouse.Infrastructure.csproj", "{F2A11D41-3A64-719B-0390-9E8D43E915D4}"
EndProject
Project("{FAE04EC0-301F-11D3-BF4B-00C04F79EFBC}") = "Warehouse.WebAPI", "Server\Microservices\Warehouse\Presentation\Warehouse.WebAPI\Warehouse.WebAPI.csproj", "{B78BA1BD-1E99-F5F4-6EE8-850584E541F5}"
EndProject
Global
	GlobalSection(SolutionConfigurationPlatforms) = preSolution
		Debug|Any CPU = Debug|Any CPU
		Release|Any CPU = Release|Any CPU
	EndGlobalSection
	GlobalSection(ProjectConfigurationPlatforms) = postSolution
		{B44B29A3-F214-463B-BC51-E08C5A4F5EB0}.Debug|Any CPU.ActiveCfg = Debug|Any CPU
		{B44B29A3-F214-463B-BC51-E08C5A4F5EB0}.Debug|Any CPU.Build.0 = Debug|Any CPU
		{B44B29A3-F214-463B-BC51-E08C5A4F5EB0}.Release|Any CPU.ActiveCfg = Release|Any CPU
		{B44B29A3-F214-463B-BC51-E08C5A4F5EB0}.Release|Any CPU.Build.0 = Release|Any CPU
		{BA8CCFA1-2438-4357-8A20-F64199F4B0DE}.Debug|Any CPU.ActiveCfg = Debug|Any CPU
		{BA8CCFA1-2438-4357-8A20-F64199F4B0DE}.Debug|Any CPU.Build.0 = Debug|Any CPU
		{BA8CCFA1-2438-4357-8A20-F64199F4B0DE}.Release|Any CPU.ActiveCfg = Release|Any CPU
		{BA8CCFA1-2438-4357-8A20-F64199F4B0DE}.Release|Any CPU.Build.0 = Release|Any CPU
		{DD113F3D-C2BF-44FC-80FA-7D13B677A13F}.Debug|Any CPU.ActiveCfg = Debug|Any CPU
		{DD113F3D-C2BF-44FC-80FA-7D13B677A13F}.Debug|Any CPU.Build.0 = Debug|Any CPU
		{DD113F3D-C2BF-44FC-80FA-7D13B677A13F}.Release|Any CPU.ActiveCfg = Release|Any CPU
		{DD113F3D-C2BF-44FC-80FA-7D13B677A13F}.Release|Any CPU.Build.0 = Release|Any CPU
		{1F094B04-E682-4DB7-80DC-3FD2E1BAC76D}.Debug|Any CPU.ActiveCfg = Debug|Any CPU
		{1F094B04-E682-4DB7-80DC-3FD2E1BAC76D}.Debug|Any CPU.Build.0 = Debug|Any CPU
		{1F094B04-E682-4DB7-80DC-3FD2E1BAC76D}.Release|Any CPU.ActiveCfg = Release|Any CPU
		{1F094B04-E682-4DB7-80DC-3FD2E1BAC76D}.Release|Any CPU.Build.0 = Release|Any CPU
		{DE895AB1-36B2-49A4-BC78-A4A6D775752A}.Debug|Any CPU.ActiveCfg = Debug|Any CPU
		{DE895AB1-36B2-49A4-BC78-A4A6D775752A}.Debug|Any CPU.Build.0 = Debug|Any CPU
		{DE895AB1-36B2-49A4-BC78-A4A6D775752A}.Release|Any CPU.ActiveCfg = Release|Any CPU
		{DE895AB1-36B2-49A4-BC78-A4A6D775752A}.Release|Any CPU.Build.0 = Release|Any CPU
		{B62E84D1-FE73-371A-D752-02DFDA247C64}.Debug|Any CPU.ActiveCfg = Debug|Any CPU
		{B62E84D1-FE73-371A-D752-02DFDA247C64}.Debug|Any CPU.Build.0 = Debug|Any CPU
		{B62E84D1-FE73-371A-D752-02DFDA247C64}.Release|Any CPU.ActiveCfg = Release|Any CPU
		{B62E84D1-FE73-371A-D752-02DFDA247C64}.Release|Any CPU.Build.0 = Release|Any CPU
		{9DE94E81-6F84-FAD9-792C-FAA104DC9CD5}.Debug|Any CPU.ActiveCfg = Debug|Any CPU
		{9DE94E81-6F84-FAD9-792C-FAA104DC9CD5}.Debug|Any CPU.Build.0 = Debug|Any CPU
		{9DE94E81-6F84-FAD9-792C-FAA104DC9CD5}.Release|Any CPU.ActiveCfg = Release|Any CPU
		{9DE94E81-6F84-FAD9-792C-FAA104DC9CD5}.Release|Any CPU.Build.0 = Release|Any CPU
		{D513B18A-F568-8899-FB25-237D2746A544}.Debug|Any CPU.ActiveCfg = Debug|Any CPU
		{D513B18A-F568-8899-FB25-237D2746A544}.Debug|Any CPU.Build.0 = Debug|Any CPU
		{D513B18A-F568-8899-FB25-237D2746A544}.Release|Any CPU.ActiveCfg = Release|Any CPU
		{D513B18A-F568-8899-FB25-237D2746A544}.Release|Any CPU.Build.0 = Release|Any CPU
		{DA319C9D-8CD3-C030-15EA-E6FBB21DA2AE}.Debug|Any CPU.ActiveCfg = Debug|Any CPU
		{DA319C9D-8CD3-C030-15EA-E6FBB21DA2AE}.Debug|Any CPU.Build.0 = Debug|Any CPU
		{DA319C9D-8CD3-C030-15EA-E6FBB21DA2AE}.Release|Any CPU.ActiveCfg = Release|Any CPU
		{DA319C9D-8CD3-C030-15EA-E6FBB21DA2AE}.Release|Any CPU.Build.0 = Release|Any CPU
		{5B39ACD1-33BB-735A-0F51-3FEEDDBC36E9}.Debug|Any CPU.ActiveCfg = Debug|Any CPU
		{5B39ACD1-33BB-735A-0F51-3FEEDDBC36E9}.Debug|Any CPU.Build.0 = Debug|Any CPU
		{5B39ACD1-33BB-735A-0F51-3FEEDDBC36E9}.Release|Any CPU.ActiveCfg = Release|Any CPU
		{5B39ACD1-33BB-735A-0F51-3FEEDDBC36E9}.Release|Any CPU.Build.0 = Release|Any CPU
		{62EA23B3-CF32-F6AF-C47F-AE6BE641FCC0}.Debug|Any CPU.ActiveCfg = Debug|Any CPU
		{62EA23B3-CF32-F6AF-C47F-AE6BE641FCC0}.Debug|Any CPU.Build.0 = Debug|Any CPU
		{62EA23B3-CF32-F6AF-C47F-AE6BE641FCC0}.Release|Any CPU.ActiveCfg = Release|Any CPU
		{62EA23B3-CF32-F6AF-C47F-AE6BE641FCC0}.Release|Any CPU.Build.0 = Release|Any CPU
		{A35EB883-0717-85BF-6941-29DC27A942D8}.Debug|Any CPU.ActiveCfg = Debug|Any CPU
		{A35EB883-0717-85BF-6941-29DC27A942D8}.Debug|Any CPU.Build.0 = Debug|Any CPU
		{A35EB883-0717-85BF-6941-29DC27A942D8}.Release|Any CPU.ActiveCfg = Release|Any CPU
		{A35EB883-0717-85BF-6941-29DC27A942D8}.Release|Any CPU.Build.0 = Release|Any CPU
		{F563AA3B-4AFA-7C22-03AD-872591AA644F}.Debug|Any CPU.ActiveCfg = Debug|Any CPU
		{F563AA3B-4AFA-7C22-03AD-872591AA644F}.Debug|Any CPU.Build.0 = Debug|Any CPU
		{F563AA3B-4AFA-7C22-03AD-872591AA644F}.Release|Any CPU.ActiveCfg = Release|Any CPU
		{F563AA3B-4AFA-7C22-03AD-872591AA644F}.Release|Any CPU.Build.0 = Release|Any CPU
		{AD906F81-7CD1-24D6-3416-9E7AAF53106E}.Debug|Any CPU.ActiveCfg = Debug|Any CPU
		{AD906F81-7CD1-24D6-3416-9E7AAF53106E}.Debug|Any CPU.Build.0 = Debug|Any CPU
		{AD906F81-7CD1-24D6-3416-9E7AAF53106E}.Release|Any CPU.ActiveCfg = Release|Any CPU
		{AD906F81-7CD1-24D6-3416-9E7AAF53106E}.Release|Any CPU.Build.0 = Release|Any CPU
		{F2A11D41-3A64-719B-0390-9E8D43E915D4}.Debug|Any CPU.ActiveCfg = Debug|Any CPU
		{F2A11D41-3A64-719B-0390-9E8D43E915D4}.Debug|Any CPU.Build.0 = Debug|Any CPU
		{F2A11D41-3A64-719B-0390-9E8D43E915D4}.Release|Any CPU.ActiveCfg = Release|Any CPU
		{F2A11D41-3A64-719B-0390-9E8D43E915D4}.Release|Any CPU.Build.0 = Release|Any CPU
		{B78BA1BD-1E99-F5F4-6EE8-850584E541F5}.Debug|Any CPU.ActiveCfg = Debug|Any CPU
		{B78BA1BD-1E99-F5F4-6EE8-850584E541F5}.Debug|Any CPU.Build.0 = Debug|Any CPU
		{B78BA1BD-1E99-F5F4-6EE8-850584E541F5}.Release|Any CPU.ActiveCfg = Release|Any CPU
		{B78BA1BD-1E99-F5F4-6EE8-850584E541F5}.Release|Any CPU.Build.0 = Release|Any CPU
	EndGlobalSection
	GlobalSection(SolutionProperties) = preSolution
		HideSolutionNode = FALSE
	EndGlobalSection
	GlobalSection(NestedProjects) = preSolution
		{84D4EA53-AB74-487D-85F2-4F01E65042FC} = {02EA681E-C7D8-13C7-8484-4AC65E1B71E8}
		{711D0E18-AE5B-407C-8167-2DCED8ABF40D} = {02EA681E-C7D8-13C7-8484-4AC65E1B71E8}
		{E3FC59F1-D8F6-4560-97C4-EB2C989A678F} = {02EA681E-C7D8-13C7-8484-4AC65E1B71E8}
		{91B8F390-B0CB-4518-94AD-A380267AE4DE} = {7A307663-8FF7-4626-B427-B307FA0DC3F4}
		{BC5002D3-B2DA-42C1-9B2E-01B601D86F1F} = {7A307663-8FF7-4626-B427-B307FA0DC3F4}
		{389F3A0B-A3C2-472D-B15F-E5DC715E8D15} = {BC5002D3-B2DA-42C1-9B2E-01B601D86F1F}
		{96328875-7A6F-451C-9F7D-DD1D79765D15} = {BC5002D3-B2DA-42C1-9B2E-01B601D86F1F}
		{99319242-9380-4A33-A060-E0870E666EEA} = {389F3A0B-A3C2-472D-B15F-E5DC715E8D15}
		{6912BABE-0256-4565-B614-3D0D3E3C7447} = {389F3A0B-A3C2-472D-B15F-E5DC715E8D15}
		{3690C8EB-9ECC-4CA2-B95A-86D7E318B2EF} = {389F3A0B-A3C2-472D-B15F-E5DC715E8D15}
		{5F79F225-AA6C-4DF8-8A5C-BC04173B6466} = {96328875-7A6F-451C-9F7D-DD1D79765D15}
		{C2725184-86A9-44D6-B500-252C6E191345} = {96328875-7A6F-451C-9F7D-DD1D79765D15}
		{3703D512-DB0F-4921-90DD-6EE91684583B} = {96328875-7A6F-451C-9F7D-DD1D79765D15}
		{B44B29A3-F214-463B-BC51-E08C5A4F5EB0} = {E3FC59F1-D8F6-4560-97C4-EB2C989A678F}
		{BA8CCFA1-2438-4357-8A20-F64199F4B0DE} = {711D0E18-AE5B-407C-8167-2DCED8ABF40D}
		{DD113F3D-C2BF-44FC-80FA-7D13B677A13F} = {711D0E18-AE5B-407C-8167-2DCED8ABF40D}
		{1F094B04-E682-4DB7-80DC-3FD2E1BAC76D} = {84D4EA53-AB74-487D-85F2-4F01E65042FC}
		{DE895AB1-36B2-49A4-BC78-A4A6D775752A} = {84D4EA53-AB74-487D-85F2-4F01E65042FC}
		{B62E84D1-FE73-371A-D752-02DFDA247C64} = {3690C8EB-9ECC-4CA2-B95A-86D7E318B2EF}
		{9DE94E81-6F84-FAD9-792C-FAA104DC9CD5} = {3690C8EB-9ECC-4CA2-B95A-86D7E318B2EF}
		{D513B18A-F568-8899-FB25-237D2746A544} = {6912BABE-0256-4565-B614-3D0D3E3C7447}
		{DA319C9D-8CD3-C030-15EA-E6FBB21DA2AE} = {6912BABE-0256-4565-B614-3D0D3E3C7447}
		{5B39ACD1-33BB-735A-0F51-3FEEDDBC36E9} = {99319242-9380-4A33-A060-E0870E666EEA}
		{62EA23B3-CF32-F6AF-C47F-AE6BE641FCC0} = {91B8F390-B0CB-4518-94AD-A380267AE4DE}
		{A35EB883-0717-85BF-6941-29DC27A942D8} = {3703D512-DB0F-4921-90DD-6EE91684583B}
		{F563AA3B-4AFA-7C22-03AD-872591AA644F} = {3703D512-DB0F-4921-90DD-6EE91684583B}
		{AD906F81-7CD1-24D6-3416-9E7AAF53106E} = {C2725184-86A9-44D6-B500-252C6E191345}
		{F2A11D41-3A64-719B-0390-9E8D43E915D4} = {C2725184-86A9-44D6-B500-252C6E191345}
		{B78BA1BD-1E99-F5F4-6EE8-850584E541F5} = {5F79F225-AA6C-4DF8-8A5C-BC04173B6466}
	EndGlobalSection
	GlobalSection(ExtensibilityGlobals) = postSolution
		SolutionGuid = {18D384C8-A6C1-4EC7-A703-DC5322076E17}
	EndGlobalSection
EndGlobal
